{
  "name": "dsh-plugin-nexus-sdlc",
  "version": "1.0.0",
  "lockfileVersion": 3,
  "requires": true,
  "packages": {
    "": {
      "name": "dsh-plugin-nexus-sdlc",
      "version": "1.0.0",
      "license": "MIT",
      "devDependencies": {
        "js-yaml": "^4.1.0",
        "semver": "^7.7.2"
      },
      "engines": {
        "node": ">=22.19.0"
      },
      "peerDependencies": {
        "@deepseek-ai/dsh-agent-preset": "0.2.0-rc.2",
        "@deepseek-ai/dsh-agent-preset-registry": "0.2.0-rc.2",
        "@deepseek-ai/dsh-command-goal": "0.2.0-rc.2",
        "@deepseek-ai/dsh-persona": "0.2.0-rc.2",
        "@deepseek-ai/dsh-plan-mode": "0.2.0-rc.2",
        "@deepseek-ai/dsh-subagent-claude-code": "0.2.0-rc.2",
        "@deepseek-ai/dsh-subagent-codex": "0.2.0-rc.2",
        "@deepseek-ai/dsh-tool-bash": "0.2.0-rc.2",
        "@deepseek-ai/dsh-tool-fs": "0.2.0-rc.2",
        "@deepseek-ai/dsh-tool-fs-search": "0.2.0-rc.2",
        "@deepseek-ai/dsh-tool-goal": "0.2.0-rc.2",
        "@deepseek-ai/dsh-tool-jobs": "0.2.0-rc.2",
        "@deepseek-ai/dsh-tool-subagent": "0.2.0-rc.2"
      },
      "peerDependenciesMeta": {
        "@deepseek-ai/dsh-agent-preset": {
          "optional": true
        },
        "@deepseek-ai/dsh-agent-preset-registry": {
          "optional": true
        },
        "@deepseek-ai/dsh-command-goal": {
          "optional": true
        },
        "@deepseek-ai/dsh-persona": {
          "optional": true
        },
        "@deepseek-ai/dsh-plan-mode": {
          "optional": true
        },
        "@deepseek-ai/dsh-subagent-claude-code": {
          "optional": true
        },
        "@deepseek-ai/dsh-subagent-codex": {
          "optional": true
        },
        "@deepseek-ai/dsh-tool-bash": {
          "optional": true
        },
        "@deepseek-ai/dsh-tool-fs": {
          "optional": true
        },
        "@deepseek-ai/dsh-tool-fs-search": {
          "optional": true
        },
        "@deepseek-ai/dsh-tool-goal": {
          "optional": true
        },
        "@deepseek-ai/dsh-tool-jobs": {
          "optional": true
        },
        "@deepseek-ai/dsh-tool-subagent": {
          "optional": true
        }
      }
    },
    "node_modules/argparse": {
      "version": "2.0.1",
      "resolved": "https://registry.npmjs.org/argparse/-/argparse-2.0.1.tgz",
      "integrity": "sha512-8+9WqebbFzpX9OR+Wa6O29asIogeRMzcGtAINdpMHHyAg10f05aSFVBbcEqGf/PXw1EjAZ+q2/bEBg3DvurK3Q==",
      "dev": true,
      "license": "Python-2.0"
    },
    "node_modules/js-yaml": {
      "version": "4.3.2",
      "resolved": "https://registry.npmjs.org/js-yaml/-/js-yaml-4.3.2.tgz",
      "integrity": "sha512-SFNOvSJ+Dgf/9An904Yx+CgSlIPCkIpao4qo51lpee25TIRejdH3rhR4EZMGoNx3/TP3O+wzWuiTFl4sqbltzA==",
      "dev": true,
      "funding": [
        {
          "type": "github",
          "url": "https://github.com/sponsors/puzrin"
        },
        {
          "type": "github",
          "url": "https://github.com/sponsors/nodeca"
        }
      ],
      "license": "MIT",
      "dependencies": {
        "argparse": "^2.0.1"
      },
      "bin": {
        "js-yaml": "bin/js-yaml.js"
      }
    },
    "node_modules/semver": {
      "version": "7.8.5",
      "resolved": "https://registry.npmjs.org/semver/-/semver-7.8.5.tgz",
      "integrity": "sha512-Y7/KDsb8LjooZpwaqGyulO6DQlksgCncchHGk+sZIY4SBvUocMBEFH5Ur1fI4dV+Jvl0w6cjvucaIi40puRioA==",
      "dev": true,
      "license": "ISC",
      "bin": {
        "semver": "bin/semver.js"
      },
      "engines": {
        "node": ">=10"
      }
    }
  }
}
